{
  "name": "entry",
  "lockfileVersion": 2,
  "requires": true,
  "packages": {
    "": {
      "dependencies": {
        "@ohos/mini_canvas": "git+https://gitee.com/ark-ui/MiniCanvas.git"
      }
    },
    "node_modules/@ohos/mini_canvas": {
      "version": "1.0.0",
      "resolved": "git+https://gitee.com/ark-ui/MiniCanvas.git#ed93e175ee9a5d5be469be43e4092cdbbc363338",
      "license": "MulanPSL-2.0"
    }
  },
  "dependencies": {
    "@ohos/mini_canvas": {
      "version": "git+https://gitee.com/ark-ui/MiniCanvas.git#ed93e175ee9a5d5be469be43e4092cdbbc363338",
      "from": "@ohos/mini_canvas@git+https://gitee.com/ark-ui/MiniCanvas.git"
    }
  }
}
