{
  "name": "entry",
  "lockfileVersion": 2,
  "requires": true,
  "packages": {
    "": {
      "dependencies": {
        "@ohos/lottieETS": "^1.0.3"
      },
      "devDependencies": {
        "rollup-plugin-ignore": "^1.0.10"
      }
    },
    "node_modules/@ohos/lottieETS": {
      "version": "1.0.3",
      "resolved": "https://repo.harmonyos.com/npm/@ohos/lottieETS/-/@ohos/lottieETS-1.0.3.tgz",
      "integrity": "sha512-rA9GsLd2MVxHxTYC8VsNbD7ss5b4/03ZqLHYKUWBd005ojkv7UJxAY6UusL3qMuIBOrO0Mrv+V8h2l6bPn8a3g==",
      "license": "MIT"
    },
    "node_modules/rollup-plugin-ignore": {
      "version": "1.0.10",
      "resolved": "https://registry.npmjs.org/rollup-plugin-ignore/-/rollup-plugin-ignore-1.0.10.tgz",
      "integrity": "sha512-VsbnfwwaTv2Dxl2onubetX/3RnSnplNnjdix0hvF8y2YpqdzlZrjIq6zkcuVJ08XysS8zqW3gt3ORBndFDgsrg==",
      "dev": true
    }
  },
  "dependencies": {
    "@ohos/lottieETS": {
      "version": "1.0.3",
      "resolved": "https://repo.harmonyos.com/npm/@ohos/lottieETS/-/@ohos/lottieETS-1.0.3.tgz",
      "integrity": "sha512-rA9GsLd2MVxHxTYC8VsNbD7ss5b4/03ZqLHYKUWBd005ojkv7UJxAY6UusL3qMuIBOrO0Mrv+V8h2l6bPn8a3g=="
    },
    "rollup-plugin-ignore": {
      "version": "1.0.10",
      "resolved": "https://registry.npmjs.org/rollup-plugin-ignore/-/rollup-plugin-ignore-1.0.10.tgz",
      "integrity": "sha512-VsbnfwwaTv2Dxl2onubetX/3RnSnplNnjdix0hvF8y2YpqdzlZrjIq6zkcuVJ08XysS8zqW3gt3ORBndFDgsrg==",
      "dev": true
    }
  }
}
